
Microsoft Visual Studio Solution File, Format Version 12.00
# Visual Studio Version 17
VisualStudioVersion = 17.6.33927.249
MinimumVisualStudioVersion = 10.0.40219.1
Project("{9A19103F-16F7-4668-BE54-9A1E7A4F7556}") = "GoldsparkIT.OCPP.Models", "GoldsparkIT.OCPP.Models\GoldsparkIT.OCPP.Models.csproj", "{DE607A84-F212-4066-9F3E-F96ECB62990B}"
EndProject
Project("{9A19103F-16F7-4668-BE54-9A1E7A4F7556}") = "GoldsparkIT.OCPP", "GoldsparkIT.OCPP\GoldsparkIT.OCPP.csproj", "{2325F55E-FC8C-4569-9013-7E57F9D7952A}"
EndProject
Project("{9A19103F-16F7-4668-BE54-9A1E7A4F7556}") = "GoldsparkIT.OCPP.SampleServer", "GoldsparkIT.OCPP.SampleServer\GoldsparkIT.OCPP.SampleServer.csproj", "{E7DDD007-8445-43B6-8389-FAEF90060668}"
EndProject
Project("{2150E333-8FDC-42A3-9474-1A3956D46DE8}") = "Solution Items", "Solution Items", "{CBB574DB-171E-4057-AC83-C4D0B7C1E35F}"
	ProjectSection(SolutionItems) = preProject
		.editorconfig = .editorconfig
	EndProjectSection
EndProject
Global
	GlobalSection(SolutionConfigurationPlatforms) = preSolution
		Debug|Any CPU = Debug|Any CPU
		Release|Any CPU = Release|Any CPU
	EndGlobalSection
	GlobalSection(ProjectConfigurationPlatforms) = postSolution
		{DE607A84-F212-4066-9F3E-F96ECB62990B}.Debug|Any CPU.ActiveCfg = Debug|Any CPU
		{DE607A84-F212-4066-9F3E-F96ECB62990B}.Debug|Any CPU.Build.0 = Debug|Any CPU
		{DE607A84-F212-4066-9F3E-F96ECB62990B}.Release|Any CPU.ActiveCfg = Release|Any CPU
		{DE607A84-F212-4066-9F3E-F96ECB62990B}.Release|Any CPU.Build.0 = Release|Any CPU
		{2325F55E-FC8C-4569-9013-7E57F9D7952A}.Debug|Any CPU.ActiveCfg = Debug|Any CPU
		{2325F55E-FC8C-4569-9013-7E57F9D7952A}.Debug|Any CPU.Build.0 = Debug|Any CPU
		{2325F55E-FC8C-4569-9013-7E57F9D7952A}.Release|Any CPU.ActiveCfg = Release|Any CPU
		{2325F55E-FC8C-4569-9013-7E57F9D7952A}.Release|Any CPU.Build.0 = Release|Any CPU
		{E7DDD007-8445-43B6-8389-FAEF90060668}.Debug|Any CPU.ActiveCfg = Debug|Any CPU
		{E7DDD007-8445-43B6-8389-FAEF90060668}.Debug|Any CPU.Build.0 = Debug|Any CPU
		{E7DDD007-8445-43B6-8389-FAEF90060668}.Release|Any CPU.ActiveCfg = Release|Any CPU
		{E7DDD007-8445-43B6-8389-FAEF90060668}.Release|Any CPU.Build.0 = Release|Any CPU
	EndGlobalSection
	GlobalSection(SolutionProperties) = preSolution
		HideSolutionNode = FALSE
	EndGlobalSection
	GlobalSection(ExtensibilityGlobals) = postSolution
		SolutionGuid = {4CADAA48-3F56-442C-856B-8C79AFC3AB0F}
	EndGlobalSection
EndGlobal
